{
  "name": "ffmetadata",
  "version": "1.7.0",
  "lockfileVersion": 3,
  "requires": true,
  "packages": {
    "": {
      "name": "ffmetadata",
      "version": "1.7.0",
      "license": "Public Domain",
      "dependencies": {
        "concat-stream": "~1.0.0",
        "split": "~0.2.6",
        "stream-combiner": "0.0.2",
        "stream-filter": "1",
        "through": "~2.3.4",
        "typescript": "^5.2.2"
      },
      "devDependencies": {
        "tape": "~1.0.4"
      }
    },
    "node_modules/base64-js": {
      "version": "0.0.2",
      "resolved": "https://registry.npmjs.org/base64-js/-/base64-js-0.0.2.tgz",
      "integrity": "sha1-Ak8Pcq+iW3X5wO5zzU9V7Bvtl4Q=",
      "engines": {
        "node": ">= 0.4"
      }
    },
    "node_modules/bops": {
      "version": "0.0.6",
      "resolved": "https://registry.npmjs.org/bops/-/bops-0.0.6.tgz",
      "integrity": "sha1-CC0dVfoB5g29wuvC26N/ZZVUzzo=",
      "dependencies": {
        "base64-js": "0.0.2",
        "to-utf8": "0.0.1"
      }
    },
    "node_modules/concat-stream": {
      "version": "1.0.1",
      "resolved": "https://registry.npmjs.org/concat-stream/-/concat-stream-1.0.1.tgz",
      "integrity": "sha1-AYsYvBx9BzotyCqkhEI0GixN158=",
      "engines": [
        "node >= 0.8.0"
      ],
      "dependencies": {
        "bops": "0.0.6"
      }
    },
    "node_modules/deep-equal": {
      "version": "0.0.0",
      "resolved": "https://registry.npmjs.org/deep-equal/-/deep-equal-0.0.0.tgz",
      "integrity": "sha1-mWedO70EcVb81FDT0B7rkGhpHoM=",
      "dev": true,
      "engines": {
        "node": "*"
      }
    },
    "node_modules/defined": {
      "version": "0.0.0",
      "resolved": "https://registry.npmjs.org/defined/-/defined-0.0.0.tgz",
      "integrity": "sha1-817qfXBekzuvE7LwOz+D2SFAOz4=",
      "dev": true
    },
    "node_modules/duplexer": {
      "version": "0.0.4",
      "resolved": "https://registry.npmjs.org/duplexer/-/duplexer-0.0.4.tgz",
      "integrity": "sha1-r8t/H4uNdPggcmFx1dZKyeSo/yA="
    },
    "node_modules/jsonify": {
      "version": "0.0.0",
      "resolved": "https://registry.npmjs.org/jsonify/-/jsonify-0.0.0.tgz",
      "integrity": "sha1-LHS27kHZPKUbe1qu6PUDYx0lKnM=",
      "dev": true,
      "engines": {
        "node": "*"
      }
    },
    "node_modules/split": {
      "version": "0.2.10",
      "resolved": "https://registry.npmjs.org/split/-/split-0.2.10.tgz",
      "integrity": "sha1-Zwl8YB1pfOE2j0GPBs0gHPBSGlc=",
      "dependencies": {
        "through": "2"
      },
      "engines": {
        "node": "*"
      }
    },
    "node_modules/stream-combiner": {
      "version": "0.0.2",
      "resolved": "https://registry.npmjs.org/stream-combiner/-/stream-combiner-0.0.2.tgz",
      "integrity": "sha1-3+DnRnV0JWXnbGBWeI6lwjvZfbQ=",
      "dependencies": {
        "duplexer": "~0.0.3"
      }
    },
    "node_modules/stream-filter": {
      "version": "1.0.0",
      "resolved": "https://registry.npmjs.org/stream-filter/-/stream-filter-1.0.0.tgz",
      "integrity": "sha1-PwpMbVmBAR6YYqMq/bDfFqS2ft4=",
      "dependencies": {
        "through": "~2"
      }
    },
    "node_modules/tape": {
      "version": "1.0.4",
      "resolved": "https://registry.npmjs.org/tape/-/tape-1.0.4.tgz",
      "integrity": "sha1-4ujlxt0/AP3CpeRRT2L8Ih5Z+cQ=",
      "dev": true,
      "dependencies": {
        "deep-equal": "~0.0.0",
        "defined": "~0.0.0",
        "jsonify": "~0.0.0",
        "through": "~2.3.4"
      },
      "bin": {
        "tape": "bin/tape"
      }
    },
    "node_modules/through": {
      "version": "2.3.8",
      "resolved": "https://registry.npmjs.org/through/-/through-2.3.8.tgz",
      "integrity": "sha1-DdTJ/6q8NXlgsbckEV1+Doai4fU="
    },
    "node_modules/to-utf8": {
      "version": "0.0.1",
      "resolved": "https://registry.npmjs.org/to-utf8/-/to-utf8-0.0.1.tgz",
      "integrity": "sha1-0Xrqcv8vujm55DYBvns/9y4ImFI="
    },
    "node_modules/typescript": {
      "version": "5.2.2",
      "resolved": "https://registry.npmjs.org/typescript/-/typescript-5.2.2.tgz",
      "integrity": "sha512-mI4WrpHsbCIcwT9cF4FZvr80QUeKvsUsUvKDoR+X/7XHQH98xYD8YHZg7ANtz2GtZt/CBq2QJ0thkGJMHfqc1w==",
      "bin": {
        "tsc": "bin/tsc",
        "tsserver": "bin/tsserver"
      },
      "engines": {
        "node": ">=14.17"
      }
    }
  }
}
